
Microsoft Visual Studio Solution File, Format Version 12.00
# Visual Studio Version 16
VisualStudioVersion = 16.0.31105.61
MinimumVisualStudioVersion = 10.0.40219.1
Project("{9A19103F-16F7-4668-BE54-9A1E7A4F7556}") = "SingletonDesignPattern", "SingletonDesignPattern\SingletonDesignPattern.csproj", "{D232DF0F-2B42-4DFF-B97E-A9951A504129}"
EndProject
Project("{9A19103F-16F7-4668-BE54-9A1E7A4F7556}") = "SimpleFactory", "SimpleFactory\SimpleFactory.csproj", "{5541A2E5-FD5F-4E42-978E-845C313384EE}"
EndProject
Project("{9A19103F-16F7-4668-BE54-9A1E7A4F7556}") = "FactoryPattern", "FactoryPattern\FactoryPattern.csproj", "{8C577094-26CE-4814-B5A8-19104C18EDAE}"
EndProject
Project("{9A19103F-16F7-4668-BE54-9A1E7A4F7556}") = "FactoryMethod", "FactoryMethod\FactoryMethod.csproj", "{5DB34D6F-48E2-422A-B4FC-2AE6E43B0D38}"
EndProject
Project("{9A19103F-16F7-4668-BE54-9A1E7A4F7556}") = "AbstractFactory", "AbstractFactory\AbstractFactory.csproj", "{EEF758B1-F425-4085-B5EC-D116EEB84C36}"
EndProject
Project("{9A19103F-16F7-4668-BE54-9A1E7A4F7556}") = "BuilderPattern", "BuilderPattern\BuilderPattern.csproj", "{557993F9-5547-4CF7-89A7-E566FC07C694}"
EndProject
Project("{9A19103F-16F7-4668-BE54-9A1E7A4F7556}") = "MainBuilderPattern", "MainBuilderPattern\MainBuilderPattern.csproj", "{E7CBDC9D-09BB-4F55-AD28-8FD3F90E189C}"
EndProject
Project("{9A19103F-16F7-4668-BE54-9A1E7A4F7556}") = "Prototype", "Prototype\Prototype.csproj", "{A5CFF0DE-238C-4750-B723-976491DE927D}"
EndProject
Project("{9A19103F-16F7-4668-BE54-9A1E7A4F7556}") = "DecoratorPattern", "DecoratorPattern\DecoratorPattern.csproj", "{30346A83-2685-4065-948A-52FD23086426}"
EndProject
Project("{2150E333-8FDC-42A3-9474-1A3956D46DE8}") = "CreationalDesignPatterns", "CreationalDesignPatterns", "{D853D33D-602E-4630-9CA7-FAF8AF6766DE}"
EndProject
Project("{2150E333-8FDC-42A3-9474-1A3956D46DE8}") = "StructuralDesignPatterns", "StructuralDesignPatterns", "{80B68F76-CF3C-49A9-A7E3-D50732D3CD44}"
EndProject
Project("{2150E333-8FDC-42A3-9474-1A3956D46DE8}") = "ProxyPattern", "ProxyPattern", "{98C1DBF8-3257-4E89-B162-E703364EA954}"
EndProject
Project("{9A19103F-16F7-4668-BE54-9A1E7A4F7556}") = "VideoLibrary", "VideoLibrary\VideoLibrary.csproj", "{E39A7268-7944-4123-9EE3-FC5524E085AB}"
EndProject
Project("{9A19103F-16F7-4668-BE54-9A1E7A4F7556}") = "VideoGalleryPresentation", "VideoGalleryPresentations\VideoGalleryPresentation.csproj", "{047A0F9B-564A-40B2-B77C-0A0BC23608C1}"
EndProject
Project("{9A19103F-16F7-4668-BE54-9A1E7A4F7556}") = "Facade", "FacadeWeb\Facade\Facade.csproj", "{335ABE59-366F-4E22-8EE3-5C9926129DB2}"
EndProject
Project("{2150E333-8FDC-42A3-9474-1A3956D46DE8}") = "Facadee", "Facadee", "{AC6A3E0C-490B-4FB9-B701-54A3A0853F07}"
EndProject
Project("{9A19103F-16F7-4668-BE54-9A1E7A4F7556}") = "ApplicationFacade", "FacadeWeb\ApplicationFacade\ApplicationFacade.csproj", "{A2D43F3E-FA88-4515-9DA8-4B5C6F871AE5}"
EndProject
Project("{9A19103F-16F7-4668-BE54-9A1E7A4F7556}") = "AuthenticationComponent", "FacadeWeb\AuthenticationComponent\AuthenticationComponent.csproj", "{CE1BD88F-8583-4F77-9E65-5404E4053E0F}"
EndProject
Project("{9A19103F-16F7-4668-BE54-9A1E7A4F7556}") = "AuthorizationComponent", "FacadeWeb\AuthorizationComponent\AuthorizationComponent.csproj", "{6D03B850-A29D-4A9C-A190-E121157BCB5F}"
EndProject
Project("{9A19103F-16F7-4668-BE54-9A1E7A4F7556}") = "Contracts", "FacadeWeb\Contracts\Contracts.csproj", "{BCB558E0-12A6-4BCB-AF71-4FA70E83A2E4}"
EndProject
Project("{9A19103F-16F7-4668-BE54-9A1E7A4F7556}") = "ValidationComponent", "FacadeWeb\ValidationComponent\ValidationComponent.csproj", "{6F51B2A1-3E64-4F44-A96B-E4911E467674}"
EndProject
Project("{FAE04EC0-301F-11D3-BF4B-00C04F79EFBC}") = "AdapterPattern", "AdapterPattern\AdapterPattern.csproj", "{6CC550D3-7856-4742-9D1B-465CD0F8917F}"
EndProject
Project("{FAE04EC0-301F-11D3-BF4B-00C04F79EFBC}") = "ObserverPattern", "ObserverPattern\ObserverPattern.csproj", "{CE013D6B-3445-474A-A58F-31C348279364}"
EndProject
Project("{FAE04EC0-301F-11D3-BF4B-00C04F79EFBC}") = "TemplatePattern", "TemplatePattern\TemplatePattern.csproj", "{A6E7282D-4476-41B5-BD73-7A9C286E8F0A}"
EndProject
Project("{2150E333-8FDC-42A3-9474-1A3956D46DE8}") = "BehavioralDesignPatterns", "BehavioralDesignPatterns", "{D2A1705D-2085-4C97-87B6-4C199703DDE9}"
	ProjectSection(SolutionItems) = preProject
		CommandPattern\Commands\AddToWishListCommand.cs = CommandPattern\Commands\AddToWishListCommand.cs
		CommandPattern\Commands\CommandManager.cs = CommandPattern\Commands\CommandManager.cs
		CommandPattern\Commands\ICommand.cs = CommandPattern\Commands\ICommand.cs
	EndProjectSection
EndProject
Project("{FAE04EC0-301F-11D3-BF4B-00C04F79EFBC}") = "CommandPattern", "CommandPattern\CommandPattern.csproj", "{A52C043B-F8BF-4964-A973-A630586087F1}"
EndProject
Project("{FAE04EC0-301F-11D3-BF4B-00C04F79EFBC}") = "CommandPatternConsoleApp", "CommandPatternConsoleApp\CommandPatternConsoleApp.csproj", "{36B21212-0B55-4B2D-8773-B7716EE513EB}"
EndProject
Project("{FAE04EC0-301F-11D3-BF4B-00C04F79EFBC}") = "StrategyPattern", "StrategyPattern\StrategyPattern.csproj", "{4329155D-6A1F-46BC-801C-791C71C73F57}"
EndProject
Project("{FAE04EC0-301F-11D3-BF4B-00C04F79EFBC}") = "ChainOfResponsibilityPattern", "ChainOfResponsibilityPattern\ChainOfResponsibilityPattern.csproj", "{2A17A95F-B874-43B1-B188-2A1A66A27C54}"
EndProject
Global
	GlobalSection(SolutionConfigurationPlatforms) = preSolution
		Debug|Any CPU = Debug|Any CPU
		Release|Any CPU = Release|Any CPU
	EndGlobalSection
	GlobalSection(ProjectConfigurationPlatforms) = postSolution
		{D232DF0F-2B42-4DFF-B97E-A9951A504129}.Debug|Any CPU.ActiveCfg = Debug|Any CPU
		{D232DF0F-2B42-4DFF-B97E-A9951A504129}.Debug|Any CPU.Build.0 = Debug|Any CPU
		{D232DF0F-2B42-4DFF-B97E-A9951A504129}.Release|Any CPU.ActiveCfg = Release|Any CPU
		{D232DF0F-2B42-4DFF-B97E-A9951A504129}.Release|Any CPU.Build.0 = Release|Any CPU
		{5541A2E5-FD5F-4E42-978E-845C313384EE}.Debug|Any CPU.ActiveCfg = Debug|Any CPU
		{5541A2E5-FD5F-4E42-978E-845C313384EE}.Debug|Any CPU.Build.0 = Debug|Any CPU
		{5541A2E5-FD5F-4E42-978E-845C313384EE}.Release|Any CPU.ActiveCfg = Release|Any CPU
		{5541A2E5-FD5F-4E42-978E-845C313384EE}.Release|Any CPU.Build.0 = Release|Any CPU
		{8C577094-26CE-4814-B5A8-19104C18EDAE}.Debug|Any CPU.ActiveCfg = Debug|Any CPU
		{8C577094-26CE-4814-B5A8-19104C18EDAE}.Debug|Any CPU.Build.0 = Debug|Any CPU
		{8C577094-26CE-4814-B5A8-19104C18EDAE}.Release|Any CPU.ActiveCfg = Release|Any CPU
		{8C577094-26CE-4814-B5A8-19104C18EDAE}.Release|Any CPU.Build.0 = Release|Any CPU
		{5DB34D6F-48E2-422A-B4FC-2AE6E43B0D38}.Debug|Any CPU.ActiveCfg = Debug|Any CPU
		{5DB34D6F-48E2-422A-B4FC-2AE6E43B0D38}.Debug|Any CPU.Build.0 = Debug|Any CPU
		{5DB34D6F-48E2-422A-B4FC-2AE6E43B0D38}.Release|Any CPU.ActiveCfg = Release|Any CPU
		{5DB34D6F-48E2-422A-B4FC-2AE6E43B0D38}.Release|Any CPU.Build.0 = Release|Any CPU
		{EEF758B1-F425-4085-B5EC-D116EEB84C36}.Debug|Any CPU.ActiveCfg = Debug|Any CPU
		{EEF758B1-F425-4085-B5EC-D116EEB84C36}.Debug|Any CPU.Build.0 = Debug|Any CPU
		{EEF758B1-F425-4085-B5EC-D116EEB84C36}.Release|Any CPU.ActiveCfg = Release|Any CPU
		{EEF758B1-F425-4085-B5EC-D116EEB84C36}.Release|Any CPU.Build.0 = Release|Any CPU
		{557993F9-5547-4CF7-89A7-E566FC07C694}.Debug|Any CPU.ActiveCfg = Debug|Any CPU
		{557993F9-5547-4CF7-89A7-E566FC07C694}.Debug|Any CPU.Build.0 = Debug|Any CPU
		{557993F9-5547-4CF7-89A7-E566FC07C694}.Release|Any CPU.ActiveCfg = Release|Any CPU
		{557993F9-5547-4CF7-89A7-E566FC07C694}.Release|Any CPU.Build.0 = Release|Any CPU
		{E7CBDC9D-09BB-4F55-AD28-8FD3F90E189C}.Debug|Any CPU.ActiveCfg = Debug|Any CPU
		{E7CBDC9D-09BB-4F55-AD28-8FD3F90E189C}.Debug|Any CPU.Build.0 = Debug|Any CPU
		{E7CBDC9D-09BB-4F55-AD28-8FD3F90E189C}.Release|Any CPU.ActiveCfg = Release|Any CPU
		{E7CBDC9D-09BB-4F55-AD28-8FD3F90E189C}.Release|Any CPU.Build.0 = Release|Any CPU
		{A5CFF0DE-238C-4750-B723-976491DE927D}.Debug|Any CPU.ActiveCfg = Debug|Any CPU
		{A5CFF0DE-238C-4750-B723-976491DE927D}.Debug|Any CPU.Build.0 = Debug|Any CPU
		{A5CFF0DE-238C-4750-B723-976491DE927D}.Release|Any CPU.ActiveCfg = Release|Any CPU
		{A5CFF0DE-238C-4750-B723-976491DE927D}.Release|Any CPU.Build.0 = Release|Any CPU
		{30346A83-2685-4065-948A-52FD23086426}.Debug|Any CPU.ActiveCfg = Debug|Any CPU
		{30346A83-2685-4065-948A-52FD23086426}.Debug|Any CPU.Build.0 = Debug|Any CPU
		{30346A83-2685-4065-948A-52FD23086426}.Release|Any CPU.ActiveCfg = Release|Any CPU
		{30346A83-2685-4065-948A-52FD23086426}.Release|Any CPU.Build.0 = Release|Any CPU
		{E39A7268-7944-4123-9EE3-FC5524E085AB}.Debug|Any CPU.ActiveCfg = Debug|Any CPU
		{E39A7268-7944-4123-9EE3-FC5524E085AB}.Debug|Any CPU.Build.0 = Debug|Any CPU
		{E39A7268-7944-4123-9EE3-FC5524E085AB}.Release|Any CPU.ActiveCfg = Release|Any CPU
		{E39A7268-7944-4123-9EE3-FC5524E085AB}.Release|Any CPU.Build.0 = Release|Any CPU
		{047A0F9B-564A-40B2-B77C-0A0BC23608C1}.Debug|Any CPU.ActiveCfg = Debug|Any CPU
		{047A0F9B-564A-40B2-B77C-0A0BC23608C1}.Debug|Any CPU.Build.0 = Debug|Any CPU
		{047A0F9B-564A-40B2-B77C-0A0BC23608C1}.Release|Any CPU.ActiveCfg = Release|Any CPU
		{047A0F9B-564A-40B2-B77C-0A0BC23608C1}.Release|Any CPU.Build.0 = Release|Any CPU
		{335ABE59-366F-4E22-8EE3-5C9926129DB2}.Debug|Any CPU.ActiveCfg = Debug|Any CPU
		{335ABE59-366F-4E22-8EE3-5C9926129DB2}.Debug|Any CPU.Build.0 = Debug|Any CPU
		{335ABE59-366F-4E22-8EE3-5C9926129DB2}.Release|Any CPU.ActiveCfg = Release|Any CPU
		{335ABE59-366F-4E22-8EE3-5C9926129DB2}.Release|Any CPU.Build.0 = Release|Any CPU
		{A2D43F3E-FA88-4515-9DA8-4B5C6F871AE5}.Debug|Any CPU.ActiveCfg = Debug|Any CPU
		{A2D43F3E-FA88-4515-9DA8-4B5C6F871AE5}.Debug|Any CPU.Build.0 = Debug|Any CPU
		{A2D43F3E-FA88-4515-9DA8-4B5C6F871AE5}.Release|Any CPU.ActiveCfg = Release|Any CPU
		{A2D43F3E-FA88-4515-9DA8-4B5C6F871AE5}.Release|Any CPU.Build.0 = Release|Any CPU
		{CE1BD88F-8583-4F77-9E65-5404E4053E0F}.Debug|Any CPU.ActiveCfg = Debug|Any CPU
		{CE1BD88F-8583-4F77-9E65-5404E4053E0F}.Debug|Any CPU.Build.0 = Debug|Any CPU
		{CE1BD88F-8583-4F77-9E65-5404E4053E0F}.Release|Any CPU.ActiveCfg = Release|Any CPU
		{CE1BD88F-8583-4F77-9E65-5404E4053E0F}.Release|Any CPU.Build.0 = Release|Any CPU
		{6D03B850-A29D-4A9C-A190-E121157BCB5F}.Debug|Any CPU.ActiveCfg = Debug|Any CPU
		{6D03B850-A29D-4A9C-A190-E121157BCB5F}.Debug|Any CPU.Build.0 = Debug|Any CPU
		{6D03B850-A29D-4A9C-A190-E121157BCB5F}.Release|Any CPU.ActiveCfg = Release|Any CPU
		{6D03B850-A29D-4A9C-A190-E121157BCB5F}.Release|Any CPU.Build.0 = Release|Any CPU
		{BCB558E0-12A6-4BCB-AF71-4FA70E83A2E4}.Debug|Any CPU.ActiveCfg = Debug|Any CPU
		{BCB558E0-12A6-4BCB-AF71-4FA70E83A2E4}.Debug|Any CPU.Build.0 = Debug|Any CPU
		{BCB558E0-12A6-4BCB-AF71-4FA70E83A2E4}.Release|Any CPU.ActiveCfg = Release|Any CPU
		{BCB558E0-12A6-4BCB-AF71-4FA70E83A2E4}.Release|Any CPU.Build.0 = Release|Any CPU
		{6F51B2A1-3E64-4F44-A96B-E4911E467674}.Debug|Any CPU.ActiveCfg = Debug|Any CPU
		{6F51B2A1-3E64-4F44-A96B-E4911E467674}.Debug|Any CPU.Build.0 = Debug|Any CPU
		{6F51B2A1-3E64-4F44-A96B-E4911E467674}.Release|Any CPU.ActiveCfg = Release|Any CPU
		{6F51B2A1-3E64-4F44-A96B-E4911E467674}.Release|Any CPU.Build.0 = Release|Any CPU
		{6CC550D3-7856-4742-9D1B-465CD0F8917F}.Debug|Any CPU.ActiveCfg = Debug|Any CPU
		{6CC550D3-7856-4742-9D1B-465CD0F8917F}.Debug|Any CPU.Build.0 = Debug|Any CPU
		{6CC550D3-7856-4742-9D1B-465CD0F8917F}.Release|Any CPU.ActiveCfg = Release|Any CPU
		{6CC550D3-7856-4742-9D1B-465CD0F8917F}.Release|Any CPU.Build.0 = Release|Any CPU
		{CE013D6B-3445-474A-A58F-31C348279364}.Debug|Any CPU.ActiveCfg = Debug|Any CPU
		{CE013D6B-3445-474A-A58F-31C348279364}.Debug|Any CPU.Build.0 = Debug|Any CPU
		{CE013D6B-3445-474A-A58F-31C348279364}.Release|Any CPU.ActiveCfg = Release|Any CPU
		{CE013D6B-3445-474A-A58F-31C348279364}.Release|Any CPU.Build.0 = Release|Any CPU
		{A6E7282D-4476-41B5-BD73-7A9C286E8F0A}.Debug|Any CPU.ActiveCfg = Debug|Any CPU
		{A6E7282D-4476-41B5-BD73-7A9C286E8F0A}.Debug|Any CPU.Build.0 = Debug|Any CPU
		{A6E7282D-4476-41B5-BD73-7A9C286E8F0A}.Release|Any CPU.ActiveCfg = Release|Any CPU
		{A6E7282D-4476-41B5-BD73-7A9C286E8F0A}.Release|Any CPU.Build.0 = Release|Any CPU
		{A52C043B-F8BF-4964-A973-A630586087F1}.Debug|Any CPU.ActiveCfg = Debug|Any CPU
		{A52C043B-F8BF-4964-A973-A630586087F1}.Debug|Any CPU.Build.0 = Debug|Any CPU
		{A52C043B-F8BF-4964-A973-A630586087F1}.Release|Any CPU.ActiveCfg = Release|Any CPU
		{A52C043B-F8BF-4964-A973-A630586087F1}.Release|Any CPU.Build.0 = Release|Any CPU
		{36B21212-0B55-4B2D-8773-B7716EE513EB}.Debug|Any CPU.ActiveCfg = Debug|Any CPU
		{36B21212-0B55-4B2D-8773-B7716EE513EB}.Debug|Any CPU.Build.0 = Debug|Any CPU
		{36B21212-0B55-4B2D-8773-B7716EE513EB}.Release|Any CPU.ActiveCfg = Release|Any CPU
		{36B21212-0B55-4B2D-8773-B7716EE513EB}.Release|Any CPU.Build.0 = Release|Any CPU
		{4329155D-6A1F-46BC-801C-791C71C73F57}.Debug|Any CPU.ActiveCfg = Debug|Any CPU
		{4329155D-6A1F-46BC-801C-791C71C73F57}.Debug|Any CPU.Build.0 = Debug|Any CPU
		{4329155D-6A1F-46BC-801C-791C71C73F57}.Release|Any CPU.ActiveCfg = Release|Any CPU
		{4329155D-6A1F-46BC-801C-791C71C73F57}.Release|Any CPU.Build.0 = Release|Any CPU
		{2A17A95F-B874-43B1-B188-2A1A66A27C54}.Debug|Any CPU.ActiveCfg = Debug|Any CPU
		{2A17A95F-B874-43B1-B188-2A1A66A27C54}.Debug|Any CPU.Build.0 = Debug|Any CPU
		{2A17A95F-B874-43B1-B188-2A1A66A27C54}.Release|Any CPU.ActiveCfg = Release|Any CPU
		{2A17A95F-B874-43B1-B188-2A1A66A27C54}.Release|Any CPU.Build.0 = Release|Any CPU
	EndGlobalSection
	GlobalSection(SolutionProperties) = preSolution
		HideSolutionNode = FALSE
	EndGlobalSection
	GlobalSection(NestedProjects) = preSolution
		{D232DF0F-2B42-4DFF-B97E-A9951A504129} = {D853D33D-602E-4630-9CA7-FAF8AF6766DE}
		{5541A2E5-FD5F-4E42-978E-845C313384EE} = {D853D33D-602E-4630-9CA7-FAF8AF6766DE}
		{8C577094-26CE-4814-B5A8-19104C18EDAE} = {D853D33D-602E-4630-9CA7-FAF8AF6766DE}
		{5DB34D6F-48E2-422A-B4FC-2AE6E43B0D38} = {D853D33D-602E-4630-9CA7-FAF8AF6766DE}
		{EEF758B1-F425-4085-B5EC-D116EEB84C36} = {D853D33D-602E-4630-9CA7-FAF8AF6766DE}
		{557993F9-5547-4CF7-89A7-E566FC07C694} = {D853D33D-602E-4630-9CA7-FAF8AF6766DE}
		{E7CBDC9D-09BB-4F55-AD28-8FD3F90E189C} = {D853D33D-602E-4630-9CA7-FAF8AF6766DE}
		{A5CFF0DE-238C-4750-B723-976491DE927D} = {D853D33D-602E-4630-9CA7-FAF8AF6766DE}
		{30346A83-2685-4065-948A-52FD23086426} = {80B68F76-CF3C-49A9-A7E3-D50732D3CD44}
		{98C1DBF8-3257-4E89-B162-E703364EA954} = {80B68F76-CF3C-49A9-A7E3-D50732D3CD44}
		{E39A7268-7944-4123-9EE3-FC5524E085AB} = {98C1DBF8-3257-4E89-B162-E703364EA954}
		{047A0F9B-564A-40B2-B77C-0A0BC23608C1} = {98C1DBF8-3257-4E89-B162-E703364EA954}
		{335ABE59-366F-4E22-8EE3-5C9926129DB2} = {AC6A3E0C-490B-4FB9-B701-54A3A0853F07}
		{AC6A3E0C-490B-4FB9-B701-54A3A0853F07} = {80B68F76-CF3C-49A9-A7E3-D50732D3CD44}
		{A2D43F3E-FA88-4515-9DA8-4B5C6F871AE5} = {AC6A3E0C-490B-4FB9-B701-54A3A0853F07}
		{CE1BD88F-8583-4F77-9E65-5404E4053E0F} = {AC6A3E0C-490B-4FB9-B701-54A3A0853F07}
		{6D03B850-A29D-4A9C-A190-E121157BCB5F} = {AC6A3E0C-490B-4FB9-B701-54A3A0853F07}
		{BCB558E0-12A6-4BCB-AF71-4FA70E83A2E4} = {AC6A3E0C-490B-4FB9-B701-54A3A0853F07}
		{6F51B2A1-3E64-4F44-A96B-E4911E467674} = {AC6A3E0C-490B-4FB9-B701-54A3A0853F07}
		{6CC550D3-7856-4742-9D1B-465CD0F8917F} = {80B68F76-CF3C-49A9-A7E3-D50732D3CD44}
		{CE013D6B-3445-474A-A58F-31C348279364} = {D2A1705D-2085-4C97-87B6-4C199703DDE9}
		{A6E7282D-4476-41B5-BD73-7A9C286E8F0A} = {D2A1705D-2085-4C97-87B6-4C199703DDE9}
		{A52C043B-F8BF-4964-A973-A630586087F1} = {D2A1705D-2085-4C97-87B6-4C199703DDE9}
		{36B21212-0B55-4B2D-8773-B7716EE513EB} = {D2A1705D-2085-4C97-87B6-4C199703DDE9}
		{4329155D-6A1F-46BC-801C-791C71C73F57} = {D2A1705D-2085-4C97-87B6-4C199703DDE9}
		{2A17A95F-B874-43B1-B188-2A1A66A27C54} = {D2A1705D-2085-4C97-87B6-4C199703DDE9}
	EndGlobalSection
	GlobalSection(ExtensibilityGlobals) = postSolution
		SolutionGuid = {C612049A-7C6F-4D92-A15C-A587AE1BAFB9}
	EndGlobalSection
EndGlobal
